
Microsoft Visual Studio Solution File, Format Version 12.00
# Visual Studio Version 16
VisualStudioVersion = 16.0.30717.126
MinimumVisualStudioVersion = 10.0.40219.1
Project("{FAE04EC0-301F-11D3-BF4B-00C04F79EFBC}") = "Tugas Week 14", "Tugas Week 14\Tugas Week 14.csproj", "{23A380A8-64C6-40C6-A899-E15229D2CFB0}"
EndProject
Global
	GlobalSection(SolutionConfigurationPlatforms) = preSolution
		Debug|Any CPU = Debug|Any CPU
		Release|Any CPU = Release|Any CPU
	EndGlobalSection
	GlobalSection(ProjectConfigurationPlatforms) = postSolution
		{23A380A8-64C6-40C6-A899-E15229D2CFB0}.Debug|Any CPU.ActiveCfg = Debug|Any CPU
		{23A380A8-64C6-40C6-A899-E15229D2CFB0}.Debug|Any CPU.Build.0 = Debug|Any CPU
		{23A380A8-64C6-40C6-A899-E15229D2CFB0}.Release|Any CPU.ActiveCfg = Release|Any CPU
		{23A380A8-64C6-40C6-A899-E15229D2CFB0}.Release|Any CPU.Build.0 = Release|Any CPU
	EndGlobalSection
	GlobalSection(SolutionProperties) = preSolution
		HideSolutionNode = FALSE
	EndGlobalSection
	GlobalSection(ExtensibilityGlobals) = postSolution
		SolutionGuid = {742E0822-B9A8-4763-B73E-524405E838BB}
	EndGlobalSection
EndGlobal
